
Microsoft Visual Studio Solution File, Format Version 12.00
# Visual Studio 15
VisualStudioVersion = 15.0.27004.2002
MinimumVisualStudioVersion = 10.0.40219.1
Project("{FAE04EC0-301F-11D3-BF4B-00C04F79EFBC}") = "XamarinSamples", "XamarinSamples\XamarinSamples\XamarinSamples.csproj", "{21FC6F3C-A7CA-4EBA-9882-639A1ACD33D5}"
EndProject
Project("{FAE04EC0-301F-11D3-BF4B-00C04F79EFBC}") = "XamarinSamples.Android", "XamarinSamples\XamarinSamples.Android\XamarinSamples.Android.csproj", "{1C4DB3F2-271B-4F3F-90A1-378E969FF3B0}"
EndProject
Project("{FAE04EC0-301F-11D3-BF4B-00C04F79EFBC}") = "XamarinSamples.iOS", "XamarinSamples\XamarinSamples.iOS\XamarinSamples.iOS.csproj", "{9671E61C-2986-461A-A8BF-89D25570BB37}"
EndProject
Project("{FAE04EC0-301F-11D3-BF4B-00C04F79EFBC}") = "XamarinSamples.UWP", "XamarinSamples\XamarinSamples.UWP\XamarinSamples.UWP.csproj", "{6DCBDFB6-3B91-4C0B-A078-44C3AB20F320}"
EndProject
Global
	GlobalSection(SolutionConfigurationPlatforms) = preSolution
		Debug|Any CPU = Debug|Any CPU
		Debug|ARM = Debug|ARM
		Debug|iPhone = Debug|iPhone
		Debug|iPhoneSimulator = Debug|iPhoneSimulator
		Debug|x64 = Debug|x64
		Debug|x86 = Debug|x86
		Release|Any CPU = Release|Any CPU
		Release|ARM = Release|ARM
		Release|iPhone = Release|iPhone
		Release|iPhoneSimulator = Release|iPhoneSimulator
		Release|x64 = Release|x64
		Release|x86 = Release|x86
	EndGlobalSection
	GlobalSection(ProjectConfigurationPlatforms) = postSolution
		{21FC6F3C-A7CA-4EBA-9882-639A1ACD33D5}.Debug|Any CPU.ActiveCfg = Debug|Any CPU
		{21FC6F3C-A7CA-4EBA-9882-639A1ACD33D5}.Debug|Any CPU.Build.0 = Debug|Any CPU
		{21FC6F3C-A7CA-4EBA-9882-639A1ACD33D5}.Debug|ARM.ActiveCfg = Debug|Any CPU
		{21FC6F3C-A7CA-4EBA-9882-639A1ACD33D5}.Debug|ARM.Build.0 = Debug|Any CPU
		{21FC6F3C-A7CA-4EBA-9882-639A1ACD33D5}.Debug|iPhone.ActiveCfg = Debug|Any CPU
		{21FC6F3C-A7CA-4EBA-9882-639A1ACD33D5}.Debug|iPhone.Build.0 = Debug|Any CPU
		{21FC6F3C-A7CA-4EBA-9882-639A1ACD33D5}.Debug|iPhoneSimulator.ActiveCfg = Debug|Any CPU
		{21FC6F3C-A7CA-4EBA-9882-639A1ACD33D5}.Debug|iPhoneSimulator.Build.0 = Debug|Any CPU
		{21FC6F3C-A7CA-4EBA-9882-639A1ACD33D5}.Debug|x64.ActiveCfg = Debug|Any CPU
		{21FC6F3C-A7CA-4EBA-9882-639A1ACD33D5}.Debug|x64.Build.0 = Debug|Any CPU
		{21FC6F3C-A7CA-4EBA-9882-639A1ACD33D5}.Debug|x86.ActiveCfg = Debug|Any CPU
		{21FC6F3C-A7CA-4EBA-9882-639A1ACD33D5}.Debug|x86.Build.0 = Debug|Any CPU
		{21FC6F3C-A7CA-4EBA-9882-639A1ACD33D5}.Release|Any CPU.ActiveCfg = Release|Any CPU
		{21FC6F3C-A7CA-4EBA-9882-639A1ACD33D5}.Release|Any CPU.Build.0 = Release|Any CPU
		{21FC6F3C-A7CA-4EBA-9882-639A1ACD33D5}.Release|ARM.ActiveCfg = Release|Any CPU
		{21FC6F3C-A7CA-4EBA-9882-639A1ACD33D5}.Release|ARM.Build.0 = Release|Any CPU
		{21FC6F3C-A7CA-4EBA-9882-639A1ACD33D5}.Release|iPhone.ActiveCfg = Release|Any CPU
		{21FC6F3C-A7CA-4EBA-9882-639A1ACD33D5}.Release|iPhone.Build.0 = Release|Any CPU
		{21FC6F3C-A7CA-4EBA-9882-639A1ACD33D5}.Release|iPhoneSimulator.ActiveCfg = Release|Any CPU
		{21FC6F3C-A7CA-4EBA-9882-639A1ACD33D5}.Release|iPhoneSimulator.Build.0 = Release|Any CPU
		{21FC6F3C-A7CA-4EBA-9882-639A1ACD33D5}.Release|x64.ActiveCfg = Release|Any CPU
		{21FC6F3C-A7CA-4EBA-9882-639A1ACD33D5}.Release|x64.Build.0 = Release|Any CPU
		{21FC6F3C-A7CA-4EBA-9882-639A1ACD33D5}.Release|x86.ActiveCfg = Release|Any CPU
		{21FC6F3C-A7CA-4EBA-9882-639A1ACD33D5}.Release|x86.Build.0 = Release|Any CPU
		{1C4DB3F2-271B-4F3F-90A1-378E969FF3B0}.Debug|Any CPU.ActiveCfg = Debug|Any CPU
		{1C4DB3F2-271B-4F3F-90A1-378E969FF3B0}.Debug|Any CPU.Build.0 = Debug|Any CPU
		{1C4DB3F2-271B-4F3F-90A1-378E969FF3B0}.Debug|Any CPU.Deploy.0 = Debug|Any CPU
		{1C4DB3F2-271B-4F3F-90A1-378E969FF3B0}.Debug|ARM.ActiveCfg = Debug|Any CPU
		{1C4DB3F2-271B-4F3F-90A1-378E969FF3B0}.Debug|ARM.Build.0 = Debug|Any CPU
		{1C4DB3F2-271B-4F3F-90A1-378E969FF3B0}.Debug|ARM.Deploy.0 = Debug|Any CPU
		{1C4DB3F2-271B-4F3F-90A1-378E969FF3B0}.Debug|iPhone.ActiveCfg = Debug|Any CPU
		{1C4DB3F2-271B-4F3F-90A1-378E969FF3B0}.Debug|iPhone.Build.0 = Debug|Any CPU
		{1C4DB3F2-271B-4F3F-90A1-378E969FF3B0}.Debug|iPhone.Deploy.0 = Debug|Any CPU
		{1C4DB3F2-271B-4F3F-90A1-378E969FF3B0}.Debug|iPhoneSimulator.ActiveCfg = Debug|Any CPU
		{1C4DB3F2-271B-4F3F-90A1-378E969FF3B0}.Debug|iPhoneSimulator.Build.0 = Debug|Any CPU
		{1C4DB3F2-271B-4F3F-90A1-378E969FF3B0}.Debug|iPhoneSimulator.Deploy.0 = Debug|Any CPU
		{1C4DB3F2-271B-4F3F-90A1-378E969FF3B0}.Debug|x64.ActiveCfg = Debug|Any CPU
		{1C4DB3F2-271B-4F3F-90A1-378E969FF3B0}.Debug|x64.Build.0 = Debug|Any CPU
		{1C4DB3F2-271B-4F3F-90A1-378E969FF3B0}.Debug|x64.Deploy.0 = Debug|Any CPU
		{1C4DB3F2-271B-4F3F-90A1-378E969FF3B0}.Debug|x86.ActiveCfg = Debug|Any CPU
		{1C4DB3F2-271B-4F3F-90A1-378E969FF3B0}.Debug|x86.Build.0 = Debug|Any CPU
		{1C4DB3F2-271B-4F3F-90A1-378E969FF3B0}.Debug|x86.Deploy.0 = Debug|Any CPU
		{1C4DB3F2-271B-4F3F-90A1-378E969FF3B0}.Release|Any CPU.ActiveCfg = Release|Any CPU
		{1C4DB3F2-271B-4F3F-90A1-378E969FF3B0}.Release|Any CPU.Build.0 = Release|Any CPU
		{1C4DB3F2-271B-4F3F-90A1-378E969FF3B0}.Release|Any CPU.Deploy.0 = Release|Any CPU
		{1C4DB3F2-271B-4F3F-90A1-378E969FF3B0}.Release|ARM.ActiveCfg = Release|Any CPU
		{1C4DB3F2-271B-4F3F-90A1-378E969FF3B0}.Release|ARM.Build.0 = Release|Any CPU
		{1C4DB3F2-271B-4F3F-90A1-378E969FF3B0}.Release|ARM.Deploy.0 = Release|Any CPU
		{1C4DB3F2-271B-4F3F-90A1-378E969FF3B0}.Release|iPhone.ActiveCfg = Release|Any CPU
		{1C4DB3F2-271B-4F3F-90A1-378E969FF3B0}.Release|iPhone.Build.0 = Release|Any CPU
		{1C4DB3F2-271B-4F3F-90A1-378E969FF3B0}.Release|iPhone.Deploy.0 = Release|Any CPU
		{1C4DB3F2-271B-4F3F-90A1-378E969FF3B0}.Release|iPhoneSimulator.ActiveCfg = Release|Any CPU
		{1C4DB3F2-271B-4F3F-90A1-378E969FF3B0}.Release|iPhoneSimulator.Build.0 = Release|Any CPU
		{1C4DB3F2-271B-4F3F-90A1-378E969FF3B0}.Release|iPhoneSimulator.Deploy.0 = Release|Any CPU
		{1C4DB3F2-271B-4F3F-90A1-378E969FF3B0}.Release|x64.ActiveCfg = Release|Any CPU
		{1C4DB3F2-271B-4F3F-90A1-378E969FF3B0}.Release|x64.Build.0 = Release|Any CPU
		{1C4DB3F2-271B-4F3F-90A1-378E969FF3B0}.Release|x64.Deploy.0 = Release|Any CPU
		{1C4DB3F2-271B-4F3F-90A1-378E969FF3B0}.Release|x86.ActiveCfg = Release|Any CPU
		{1C4DB3F2-271B-4F3F-90A1-378E969FF3B0}.Release|x86.Build.0 = Release|Any CPU
		{1C4DB3F2-271B-4F3F-90A1-378E969FF3B0}.Release|x86.Deploy.0 = Release|Any CPU
		{9671E61C-2986-461A-A8BF-89D25570BB37}.Debug|Any CPU.ActiveCfg = Debug|iPhone
		{9671E61C-2986-461A-A8BF-89D25570BB37}.Debug|ARM.ActiveCfg = Debug|iPhone
		{9671E61C-2986-461A-A8BF-89D25570BB37}.Debug|iPhone.ActiveCfg = Debug|iPhone
		{9671E61C-2986-461A-A8BF-89D25570BB37}.Debug|iPhone.Build.0 = Debug|iPhone
		{9671E61C-2986-461A-A8BF-89D25570BB37}.Debug|iPhoneSimulator.ActiveCfg = Debug|iPhoneSimulator
		{9671E61C-2986-461A-A8BF-89D25570BB37}.Debug|iPhoneSimulator.Build.0 = Debug|iPhoneSimulator
		{9671E61C-2986-461A-A8BF-89D25570BB37}.Debug|x64.ActiveCfg = Debug|iPhone
		{9671E61C-2986-461A-A8BF-89D25570BB37}.Debug|x86.ActiveCfg = Debug|iPhone
		{9671E61C-2986-461A-A8BF-89D25570BB37}.Release|Any CPU.ActiveCfg = Release|iPhone
		{9671E61C-2986-461A-A8BF-89D25570BB37}.Release|ARM.ActiveCfg = Release|iPhone
		{9671E61C-2986-461A-A8BF-89D25570BB37}.Release|iPhone.ActiveCfg = Release|iPhone
		{9671E61C-2986-461A-A8BF-89D25570BB37}.Release|iPhone.Build.0 = Release|iPhone
		{9671E61C-2986-461A-A8BF-89D25570BB37}.Release|iPhoneSimulator.ActiveCfg = Release|iPhoneSimulator
		{9671E61C-2986-461A-A8BF-89D25570BB37}.Release|iPhoneSimulator.Build.0 = Release|iPhoneSimulator
		{9671E61C-2986-461A-A8BF-89D25570BB37}.Release|x64.ActiveCfg = Release|iPhone
		{9671E61C-2986-461A-A8BF-89D25570BB37}.Release|x86.ActiveCfg = Release|iPhone
		{6DCBDFB6-3B91-4C0B-A078-44C3AB20F320}.Debug|Any CPU.ActiveCfg = Debug|x86
		{6DCBDFB6-3B91-4C0B-A078-44C3AB20F320}.Debug|Any CPU.Build.0 = Debug|x86
		{6DCBDFB6-3B91-4C0B-A078-44C3AB20F320}.Debug|Any CPU.Deploy.0 = Debug|x86
		{6DCBDFB6-3B91-4C0B-A078-44C3AB20F320}.Debug|ARM.ActiveCfg = Debug|ARM
		{6DCBDFB6-3B91-4C0B-A078-44C3AB20F320}.Debug|ARM.Build.0 = Debug|ARM
		{6DCBDFB6-3B91-4C0B-A078-44C3AB20F320}.Debug|ARM.Deploy.0 = Debug|ARM
		{6DCBDFB6-3B91-4C0B-A078-44C3AB20F320}.Debug|iPhone.ActiveCfg = Debug|x86
		{6DCBDFB6-3B91-4C0B-A078-44C3AB20F320}.Debug|iPhoneSimulator.ActiveCfg = Debug|x86
		{6DCBDFB6-3B91-4C0B-A078-44C3AB20F320}.Debug|x64.ActiveCfg = Debug|x64
		{6DCBDFB6-3B91-4C0B-A078-44C3AB20F320}.Debug|x64.Build.0 = Debug|x64
		{6DCBDFB6-3B91-4C0B-A078-44C3AB20F320}.Debug|x64.Deploy.0 = Debug|x64
		{6DCBDFB6-3B91-4C0B-A078-44C3AB20F320}.Debug|x86.ActiveCfg = Debug|x86
		{6DCBDFB6-3B91-4C0B-A078-44C3AB20F320}.Debug|x86.Build.0 = Debug|x86
		{6DCBDFB6-3B91-4C0B-A078-44C3AB20F320}.Debug|x86.Deploy.0 = Debug|x86
		{6DCBDFB6-3B91-4C0B-A078-44C3AB20F320}.Release|Any CPU.ActiveCfg = Release|x86
		{6DCBDFB6-3B91-4C0B-A078-44C3AB20F320}.Release|ARM.ActiveCfg = Release|ARM
		{6DCBDFB6-3B91-4C0B-A078-44C3AB20F320}.Release|ARM.Build.0 = Release|ARM
		{6DCBDFB6-3B91-4C0B-A078-44C3AB20F320}.Release|ARM.Deploy.0 = Release|ARM
		{6DCBDFB6-3B91-4C0B-A078-44C3AB20F320}.Release|iPhone.ActiveCfg = Release|x86
		{6DCBDFB6-3B91-4C0B-A078-44C3AB20F320}.Release|iPhoneSimulator.ActiveCfg = Release|x86
		{6DCBDFB6-3B91-4C0B-A078-44C3AB20F320}.Release|x64.ActiveCfg = Release|x64
		{6DCBDFB6-3B91-4C0B-A078-44C3AB20F320}.Release|x64.Build.0 = Release|x64
		{6DCBDFB6-3B91-4C0B-A078-44C3AB20F320}.Release|x64.Deploy.0 = Release|x64
		{6DCBDFB6-3B91-4C0B-A078-44C3AB20F320}.Release|x86.ActiveCfg = Release|x86
		{6DCBDFB6-3B91-4C0B-A078-44C3AB20F320}.Release|x86.Build.0 = Release|x86
		{6DCBDFB6-3B91-4C0B-A078-44C3AB20F320}.Release|x86.Deploy.0 = Release|x86
	EndGlobalSection
	GlobalSection(SolutionProperties) = preSolution
		HideSolutionNode = FALSE
	EndGlobalSection
	GlobalSection(ExtensibilityGlobals) = postSolution
		SolutionGuid = {809F58AA-EB1B-4F63-9417-8FD5C96623E4}
	EndGlobalSection
EndGlobal
